<?xml version="1.0" encoding="utf-8"?>
<Project ToolsVersion="4.0" xmlns="http://schemas.microsoft.com/developer/msbuild/2003">
  <ItemGroup>
    <Filter Include="Source Files">
      <UniqueIdentifier>{4FC737F1-C7A5-4376-A066-2A32D752A2FF}</UniqueIdentifier>
      <Extensions>cpp;c;cc;cxx;def;odl;idl;hpj;bat;asm;asmx</Extensions>
    </Filter>
    <Filter Include="Header Files">
      <UniqueIdentifier>{93995380-89BD-4b04-88EB-625FBE52EBFB}</UniqueIdentifier>
      <Extensions>h;hpp;hxx;hm;inl;inc;xsd</Extensions>
    </Filter>
    <Filter Include="Resource Files">
      <UniqueIdentifier>{67DA6AB6-F800-4c08-8B7A-83BB121AAD01}</UniqueIdentifier>
      <Extensions>rc;ico;cur;bmp;dlg;rc2;rct;bin;rgs;gif;jpg;jpeg;jpe;resx;tiff;tif;png;wav;mfcribbon-ms</Extensions>
    </Filter>
  </ItemGroup>
  <ItemGroup>
    <None Include="ReadMe.txt" />
    <None Include="ClassDiagram1.cd" />
  </ItemGroup>
  <ItemGroup>
    <ClInclude Include="stdafx.h">
      <Filter>Header Files</Filter>
    </ClInclude>
    <ClInclude Include="targetver.h">
      <Filter>Header Files</Filter>
    </ClInclude>
    <ClInclude Include="RtpPacket.h">
      <Filter>Header Files</Filter>
    </ClInclude>
    <ClInclude Include="HstPESParse.h">
      <Filter>Header Files</Filter>
    </ClInclude>
    <ClInclude Include="RtpFrameOrganizer.h">
      <Filter>Header Files</Filter>
    </ClInclude>
    <ClInclude Include="MediaBlockBuffer.h">
      <Filter>Header Files</Filter>
    </ClInclude>
    <ClInclude Include="MediaDataQueue.h">
      <Filter>Header Files</Filter>
    </ClInclude>
    <ClInclude Include="Common_Def.h">
      <Filter>Header Files</Filter>
    </ClInclude>
    <ClInclude Include="NssMedia.h">
      <Filter>Header Files</Filter>
    </ClInclude>
    <ClInclude Include="Ps2EsProcessor.h">
      <Filter>Header Files</Filter>
    </ClInclude>
    <ClInclude Include="eSDK_RtpPacket.h">
      <Filter>Header Files</Filter>
    </ClInclude>
    <ClInclude Include="eSDK_ProcessorMgr.h">
      <Filter>Header Files</Filter>
    </ClInclude>
    <ClInclude Include="PacketProcessMgr.h">
      <Filter>Header Files</Filter>
    </ClInclude>
    <ClInclude Include="eSDKTool.h">
      <Filter>Header Files</Filter>
    </ClInclude>
    <ClInclude Include="Lock.h">
      <Filter>Header Files</Filter>
    </ClInclude>
    <ClInclude Include="Es2PsProcessor.h">
      <Filter>Header Files</Filter>
    </ClInclude>
    <ClInclude Include="nss_df_c02.h">
      <Filter>Header Files</Filter>
    </ClInclude>
    <ClInclude Include="Log.h">
      <Filter>Header Files</Filter>
    </ClInclude>
    <ClInclude Include="eSDKMem.h">
      <Filter>Header Files</Filter>
    </ClInclude>
  </ItemGroup>
  <ItemGroup>
    <ClCompile Include="stdafx.cpp">
      <Filter>Source Files</Filter>
    </ClCompile>
    <ClCompile Include="eSDK_RtpPacket.cpp">
      <Filter>Source Files</Filter>
    </ClCompile>
    <ClCompile Include="dllmain.cpp">
      <Filter>Source Files</Filter>
    </ClCompile>
    <ClCompile Include="MediaBlockBuffer.cpp">
      <Filter>Source Files</Filter>
    </ClCompile>
    <ClCompile Include="MediaDataQueue.cpp">
      <Filter>Source Files</Filter>
    </ClCompile>
    <ClCompile Include="Ps2EsProcessor.cpp">
      <Filter>Source Files</Filter>
    </ClCompile>
    <ClCompile Include="RtpFrameOrganizer.cpp">
      <Filter>Source Files</Filter>
    </ClCompile>
    <ClCompile Include="RtpPacket.cpp">
      <Filter>Source Files</Filter>
    </ClCompile>
    <ClCompile Include="HstPESParse.cpp">
      <Filter>Source Files</Filter>
    </ClCompile>
    <ClCompile Include="PacketProcessMgr.cpp">
      <Filter>Source Files</Filter>
    </ClCompile>
    <ClCompile Include="eSDKTool.cpp">
      <Filter>Source Files</Filter>
    </ClCompile>
    <ClCompile Include="Es2PsProcessor.cpp">
      <Filter>Source Files</Filter>
    </ClCompile>
    <ClCompile Include="eSDKMem.cpp">
      <Filter>Source Files</Filter>
    </ClCompile>
  </ItemGroup>
</Project>